
Microsoft Visual Studio Solution File, Format Version 12.00
# Visual Studio Version 17
VisualStudioVersion = 17.11.35312.102
MinimumVisualStudioVersion = 10.0.40219.1
Project("{FAE04EC0-301F-11D3-BF4B-00C04F79EFBC}") = "01_MainSubjects", "01_MainSubjects\01_MainSubjects.csproj", "{A534C0FA-CC0B-4315-9AF5-D91C7EDB417D}"
EndProject
Project("{FAE04EC0-301F-11D3-BF4B-00C04F79EFBC}") = "02_Variables", "02_Variables\02_Variables.csproj", "{D2B75493-441B-4864-BCAA-392A97928092}"
EndProject
Project("{FAE04EC0-301F-11D3-BF4B-00C04F79EFBC}") = "03_MakingDecision", "MakingDecision\03_MakingDecision.csproj", "{3A709B5D-71AB-44A0-B957-BDEE71BAE53A}"
EndProject
Project("{FAE04EC0-301F-11D3-BF4B-00C04F79EFBC}") = "04_Loops", "04_Loops\04_Loops.csproj", "{078A5242-9658-4ABB-9159-10F7198CC18E}"
EndProject
Project("{FAE04EC0-301F-11D3-BF4B-00C04F79EFBC}") = "05_LoopsWithStars", "05_LoopsWithStars\05_LoopsWithStars.csproj", "{AE8C4688-C6F6-4DFE-85B6-DC10DD49A594}"
EndProject
Project("{FAE04EC0-301F-11D3-BF4B-00C04F79EFBC}") = "06_Arrays", "06_Arrays\06_Arrays.csproj", "{E41E407E-8E10-4B2C-B5C8-19185A1B4E43}"
EndProject
Project("{FAE04EC0-301F-11D3-BF4B-00C04F79EFBC}") = "07_ForeachLoop", "ForeachLoop\07_ForeachLoop.csproj", "{D2B8012F-70EA-422B-B23E-FE4A532A145B}"
EndProject
Project("{FAE04EC0-301F-11D3-BF4B-00C04F79EFBC}") = "08_Methods", "08_Methods\08_Methods.csproj", "{A3D09594-F86D-4AEA-805F-F345A8A2EB95}"
EndProject
Project("{FAE04EC0-301F-11D3-BF4B-00C04F79EFBC}") = "09_DatabaseProject", "09_DatabaseProject\09_DatabaseProject.csproj", "{4D2B0011-7070-41D8-BF64-65D27BC23287}"
EndProject
Global
	GlobalSection(SolutionConfigurationPlatforms) = preSolution
		Debug|Any CPU = Debug|Any CPU
		Release|Any CPU = Release|Any CPU
	EndGlobalSection
	GlobalSection(ProjectConfigurationPlatforms) = postSolution
		{A534C0FA-CC0B-4315-9AF5-D91C7EDB417D}.Debug|Any CPU.ActiveCfg = Debug|Any CPU
		{A534C0FA-CC0B-4315-9AF5-D91C7EDB417D}.Debug|Any CPU.Build.0 = Debug|Any CPU
		{A534C0FA-CC0B-4315-9AF5-D91C7EDB417D}.Release|Any CPU.ActiveCfg = Release|Any CPU
		{A534C0FA-CC0B-4315-9AF5-D91C7EDB417D}.Release|Any CPU.Build.0 = Release|Any CPU
		{D2B75493-441B-4864-BCAA-392A97928092}.Debug|Any CPU.ActiveCfg = Debug|Any CPU
		{D2B75493-441B-4864-BCAA-392A97928092}.Debug|Any CPU.Build.0 = Debug|Any CPU
		{D2B75493-441B-4864-BCAA-392A97928092}.Release|Any CPU.ActiveCfg = Release|Any CPU
		{D2B75493-441B-4864-BCAA-392A97928092}.Release|Any CPU.Build.0 = Release|Any CPU
		{3A709B5D-71AB-44A0-B957-BDEE71BAE53A}.Debug|Any CPU.ActiveCfg = Debug|Any CPU
		{3A709B5D-71AB-44A0-B957-BDEE71BAE53A}.Debug|Any CPU.Build.0 = Debug|Any CPU
		{3A709B5D-71AB-44A0-B957-BDEE71BAE53A}.Release|Any CPU.ActiveCfg = Release|Any CPU
		{3A709B5D-71AB-44A0-B957-BDEE71BAE53A}.Release|Any CPU.Build.0 = Release|Any CPU
		{078A5242-9658-4ABB-9159-10F7198CC18E}.Debug|Any CPU.ActiveCfg = Debug|Any CPU
		{078A5242-9658-4ABB-9159-10F7198CC18E}.Debug|Any CPU.Build.0 = Debug|Any CPU
		{078A5242-9658-4ABB-9159-10F7198CC18E}.Release|Any CPU.ActiveCfg = Release|Any CPU
		{078A5242-9658-4ABB-9159-10F7198CC18E}.Release|Any CPU.Build.0 = Release|Any CPU
		{AE8C4688-C6F6-4DFE-85B6-DC10DD49A594}.Debug|Any CPU.ActiveCfg = Debug|Any CPU
		{AE8C4688-C6F6-4DFE-85B6-DC10DD49A594}.Debug|Any CPU.Build.0 = Debug|Any CPU
		{AE8C4688-C6F6-4DFE-85B6-DC10DD49A594}.Release|Any CPU.ActiveCfg = Release|Any CPU
		{AE8C4688-C6F6-4DFE-85B6-DC10DD49A594}.Release|Any CPU.Build.0 = Release|Any CPU
		{E41E407E-8E10-4B2C-B5C8-19185A1B4E43}.Debug|Any CPU.ActiveCfg = Debug|Any CPU
		{E41E407E-8E10-4B2C-B5C8-19185A1B4E43}.Debug|Any CPU.Build.0 = Debug|Any CPU
		{E41E407E-8E10-4B2C-B5C8-19185A1B4E43}.Release|Any CPU.ActiveCfg = Release|Any CPU
		{E41E407E-8E10-4B2C-B5C8-19185A1B4E43}.Release|Any CPU.Build.0 = Release|Any CPU
		{D2B8012F-70EA-422B-B23E-FE4A532A145B}.Debug|Any CPU.ActiveCfg = Debug|Any CPU
		{D2B8012F-70EA-422B-B23E-FE4A532A145B}.Debug|Any CPU.Build.0 = Debug|Any CPU
		{D2B8012F-70EA-422B-B23E-FE4A532A145B}.Release|Any CPU.ActiveCfg = Release|Any CPU
		{D2B8012F-70EA-422B-B23E-FE4A532A145B}.Release|Any CPU.Build.0 = Release|Any CPU
		{A3D09594-F86D-4AEA-805F-F345A8A2EB95}.Debug|Any CPU.ActiveCfg = Debug|Any CPU
		{A3D09594-F86D-4AEA-805F-F345A8A2EB95}.Debug|Any CPU.Build.0 = Debug|Any CPU
		{A3D09594-F86D-4AEA-805F-F345A8A2EB95}.Release|Any CPU.ActiveCfg = Release|Any CPU
		{A3D09594-F86D-4AEA-805F-F345A8A2EB95}.Release|Any CPU.Build.0 = Release|Any CPU
		{4D2B0011-7070-41D8-BF64-65D27BC23287}.Debug|Any CPU.ActiveCfg = Debug|Any CPU
		{4D2B0011-7070-41D8-BF64-65D27BC23287}.Debug|Any CPU.Build.0 = Debug|Any CPU
		{4D2B0011-7070-41D8-BF64-65D27BC23287}.Release|Any CPU.ActiveCfg = Release|Any CPU
		{4D2B0011-7070-41D8-BF64-65D27BC23287}.Release|Any CPU.Build.0 = Release|Any CPU
	EndGlobalSection
	GlobalSection(SolutionProperties) = preSolution
		HideSolutionNode = FALSE
	EndGlobalSection
	GlobalSection(ExtensibilityGlobals) = postSolution
		SolutionGuid = {24E44BD6-41D6-49F9-A408-F2FC4A40BD75}
	EndGlobalSection
EndGlobal
